
Microsoft Visual Studio Solution File, Format Version 12.00
# Visual Studio Version 17
VisualStudioVersion = 17.0.32014.148
MinimumVisualStudioVersion = 10.0.40219.1
Project("{FAE04EC0-301F-11D3-BF4B-00C04F79EFBC}") = "Assingment", "Assingment\Assingment.csproj", "{470C24E2-DDBD-4CFD-BDB5-2C842EFA9720}"
EndProject
Global
	GlobalSection(SolutionConfigurationPlatforms) = preSolution
		Debug|Any CPU = Debug|Any CPU
		Release|Any CPU = Release|Any CPU
	EndGlobalSection
	GlobalSection(ProjectConfigurationPlatforms) = postSolution
		{470C24E2-DDBD-4CFD-BDB5-2C842EFA9720}.Debug|Any CPU.ActiveCfg = Debug|Any CPU
		{470C24E2-DDBD-4CFD-BDB5-2C842EFA9720}.Debug|Any CPU.Build.0 = Debug|Any CPU
		{470C24E2-DDBD-4CFD-BDB5-2C842EFA9720}.Release|Any CPU.ActiveCfg = Release|Any CPU
		{470C24E2-DDBD-4CFD-BDB5-2C842EFA9720}.Release|Any CPU.Build.0 = Release|Any CPU
	EndGlobalSection
	GlobalSection(SolutionProperties) = preSolution
		HideSolutionNode = FALSE
	EndGlobalSection
	GlobalSection(ExtensibilityGlobals) = postSolution
		SolutionGuid = {64826746-1B39-4073-85D0-1D66E46C0C33}
	EndGlobalSection
EndGlobal
